{
  "name": "100DaysOfFlutter",
  "version": "1.0.0",
  "lockfileVersion": 2,
  "requires": true,
  "packages": {
    "": {
      "name": "100DaysOfFlutter",
      "version": "1.0.0",
      "license": "ISC",
      "dependencies": {
        "dotenv": "^16.4.5",
        "twit": "^1.1.20"
      }
    },
    "node_modules/dotenv": {
      "version": "16.4.5",
      "resolved": "https://registry.npmjs.org/dotenv/-/dotenv-16.4.5.tgz",
      "integrity": "sha512-ZmdL2rui+eB2YwhsWzjInR8LldtZHGDoQ1ugH85ppHKwpUHL7j7rN0Ti9NCnGiQbhaZ11FpR+7ao1dNsmduNUg==",
      "license": "BSD-2-Clause",
      "engines": {
        "node": ">=12"
      },
      "funding": {
        "url": "https://dotenvx.com"
      }
    },
    "node_modules/oauth": {
      "version": "0.9.9",
      "resolved": "https://registry.npmjs.org/oauth/-/oauth-0.9.9.tgz",
      "integrity": "sha512-kjdfbdtIFcfvHTdvh+pbR5RMOxrihCmMtDjOCAieetr4NoUOuRjl1q9gyGnvpPNDOalH8moHqur150XYGPQFeA=="
    },
    "node_modules/twit": {
      "version": "1.1.20",
      "resolved": "https://registry.npmjs.org/twit/-/twit-1.1.20.tgz",
      "integrity": "sha512-5Wb4b+1mqSxOXGrTe5O4GIB6/IQnh5anAub34M+VfAdA1g+9QfUuod4C94xf9NNcaz+rNZ/3LRUSTpn8wLMnYA==",
      "dependencies": {
        "oauth": "0.9.9"
      },
      "engines": {
        "node": ">=0.6.0"
      }
    }
  },
  "dependencies": {
    "dotenv": {
      "version": "16.4.5",
      "resolved": "https://registry.npmjs.org/dotenv/-/dotenv-16.4.5.tgz",
      "integrity": "sha512-ZmdL2rui+eB2YwhsWzjInR8LldtZHGDoQ1ugH85ppHKwpUHL7j7rN0Ti9NCnGiQbhaZ11FpR+7ao1dNsmduNUg=="
    },
    "oauth": {
      "version": "0.9.9",
      "resolved": "https://registry.npmjs.org/oauth/-/oauth-0.9.9.tgz",
      "integrity": "sha512-kjdfbdtIFcfvHTdvh+pbR5RMOxrihCmMtDjOCAieetr4NoUOuRjl1q9gyGnvpPNDOalH8moHqur150XYGPQFeA=="
    },
    "twit": {
      "version": "1.1.20",
      "resolved": "https://registry.npmjs.org/twit/-/twit-1.1.20.tgz",
      "integrity": "sha512-5Wb4b+1mqSxOXGrTe5O4GIB6/IQnh5anAub34M+VfAdA1g+9QfUuod4C94xf9NNcaz+rNZ/3LRUSTpn8wLMnYA==",
      "requires": {
        "oauth": "0.9.9"
      }
    }
  }
}
